
Microsoft Visual Studio Solution File, Format Version 12.00
# Visual Studio 14
VisualStudioVersion = 14.0.23107.0
MinimumVisualStudioVersion = 10.0.40219.1
Project("{FAE04EC0-301F-11D3-BF4B-00C04F79EFBC}") = "PryPlanEstudios", "PryPlanEstudios\PryPlanEstudios.csproj", "{BF1CB5D8-E99D-4FA8-87E4-0907586CED00}"
EndProject
Project("{FAE04EC0-301F-11D3-BF4B-00C04F79EFBC}") = "CapaDatos", "CapaDatos\CapaDatos.csproj", "{C42471CC-62F8-429B-B7F0-BE16E569FDD7}"
EndProject
Project("{FAE04EC0-301F-11D3-BF4B-00C04F79EFBC}") = "CapaNegocio", "CapaNegocio\CapaNegocio.csproj", "{DECD118B-EF8A-45BC-AF9F-9E92B0CC292A}"
EndProject
Global
	GlobalSection(SolutionConfigurationPlatforms) = preSolution
		Debug|Any CPU = Debug|Any CPU
		Release|Any CPU = Release|Any CPU
	EndGlobalSection
	GlobalSection(ProjectConfigurationPlatforms) = postSolution
		{BF1CB5D8-E99D-4FA8-87E4-0907586CED00}.Debug|Any CPU.ActiveCfg = Debug|Any CPU
		{BF1CB5D8-E99D-4FA8-87E4-0907586CED00}.Debug|Any CPU.Build.0 = Debug|Any CPU
		{BF1CB5D8-E99D-4FA8-87E4-0907586CED00}.Release|Any CPU.ActiveCfg = Release|Any CPU
		{BF1CB5D8-E99D-4FA8-87E4-0907586CED00}.Release|Any CPU.Build.0 = Release|Any CPU
		{C42471CC-62F8-429B-B7F0-BE16E569FDD7}.Debug|Any CPU.ActiveCfg = Debug|Any CPU
		{C42471CC-62F8-429B-B7F0-BE16E569FDD7}.Debug|Any CPU.Build.0 = Debug|Any CPU
		{C42471CC-62F8-429B-B7F0-BE16E569FDD7}.Release|Any CPU.ActiveCfg = Release|Any CPU
		{C42471CC-62F8-429B-B7F0-BE16E569FDD7}.Release|Any CPU.Build.0 = Release|Any CPU
		{DECD118B-EF8A-45BC-AF9F-9E92B0CC292A}.Debug|Any CPU.ActiveCfg = Debug|Any CPU
		{DECD118B-EF8A-45BC-AF9F-9E92B0CC292A}.Debug|Any CPU.Build.0 = Debug|Any CPU
		{DECD118B-EF8A-45BC-AF9F-9E92B0CC292A}.Release|Any CPU.ActiveCfg = Release|Any CPU
		{DECD118B-EF8A-45BC-AF9F-9E92B0CC292A}.Release|Any CPU.Build.0 = Release|Any CPU
	EndGlobalSection
	GlobalSection(SolutionProperties) = preSolution
		HideSolutionNode = FALSE
	EndGlobalSection
EndGlobal
